
Microsoft Visual Studio Solution File, Format Version 12.00
# Visual Studio 2012
Project("{FAE04EC0-301F-11D3-BF4B-00C04F79EFBC}") = "AspWithMongo", "AspWithMongo\AspWithMongo.csproj", "{CF302394-5AA0-4ACD-A02B-12FC19CD344B}"
EndProject
Global
	GlobalSection(SolutionConfigurationPlatforms) = preSolution
		Debug|Any CPU = Debug|Any CPU
		Release|Any CPU = Release|Any CPU
	EndGlobalSection
	GlobalSection(ProjectConfigurationPlatforms) = postSolution
		{CF302394-5AA0-4ACD-A02B-12FC19CD344B}.Debug|Any CPU.ActiveCfg = Debug|Any CPU
		{CF302394-5AA0-4ACD-A02B-12FC19CD344B}.Debug|Any CPU.Build.0 = Debug|Any CPU
		{CF302394-5AA0-4ACD-A02B-12FC19CD344B}.Release|Any CPU.ActiveCfg = Release|Any CPU
		{CF302394-5AA0-4ACD-A02B-12FC19CD344B}.Release|Any CPU.Build.0 = Release|Any CPU
	EndGlobalSection
	GlobalSection(SolutionProperties) = preSolution
		HideSolutionNode = FALSE
	EndGlobalSection
EndGlobal
